
Microsoft Visual Studio Solution File, Format Version 12.00
# Visual Studio Version 17
VisualStudioVersion = 17.5.33424.131
MinimumVisualStudioVersion = 10.0.40219.1
Project("{FAE04EC0-301F-11D3-BF4B-00C04F79EFBC}") = "TrackerLibrary", "TrackerLibrary\TrackerLibrary.csproj", "{AC657248-9FC3-46B6-9768-D56EE6980DEB}"
EndProject
Project("{FAE04EC0-301F-11D3-BF4B-00C04F79EFBC}") = "TrackerUI", "TrackerUI\TrackerUI.csproj", "{ED4CBB27-4539-4F60-8D32-1A220453F7B1}"
EndProject
Global
	GlobalSection(SolutionConfigurationPlatforms) = preSolution
		Debug|Any CPU = Debug|Any CPU
		Release|Any CPU = Release|Any CPU
	EndGlobalSection
	GlobalSection(ProjectConfigurationPlatforms) = postSolution
		{AC657248-9FC3-46B6-9768-D56EE6980DEB}.Debug|Any CPU.ActiveCfg = Debug|Any CPU
		{AC657248-9FC3-46B6-9768-D56EE6980DEB}.Debug|Any CPU.Build.0 = Debug|Any CPU
		{AC657248-9FC3-46B6-9768-D56EE6980DEB}.Release|Any CPU.ActiveCfg = Release|Any CPU
		{AC657248-9FC3-46B6-9768-D56EE6980DEB}.Release|Any CPU.Build.0 = Release|Any CPU
		{ED4CBB27-4539-4F60-8D32-1A220453F7B1}.Debug|Any CPU.ActiveCfg = Debug|Any CPU
		{ED4CBB27-4539-4F60-8D32-1A220453F7B1}.Debug|Any CPU.Build.0 = Debug|Any CPU
		{ED4CBB27-4539-4F60-8D32-1A220453F7B1}.Release|Any CPU.ActiveCfg = Release|Any CPU
		{ED4CBB27-4539-4F60-8D32-1A220453F7B1}.Release|Any CPU.Build.0 = Release|Any CPU
	EndGlobalSection
	GlobalSection(SolutionProperties) = preSolution
		HideSolutionNode = FALSE
	EndGlobalSection
	GlobalSection(ExtensibilityGlobals) = postSolution
		SolutionGuid = {977DC343-C818-4565-958E-5812110C161E}
	EndGlobalSection
EndGlobal
